// !$*UTF8*$!
{
	archiveVersion = 1;
	classes = {
	};
	objectVersion = 56;
	objects = {

/* Begin PBXBuildFile section */
		040CF1BE2DD22CE400B706B2 /* LoginViewModel.swift in Sources */ = {isa = PBXBuildFile; fileRef = 040CF1BD2DD22CE400B706B2 /* LoginViewModel.swift */; };
		040CF1C12DD22D2800B706B2 /* LoginUseCaseProtocol.swift in Sources */ = {isa = PBXBuildFile; fileRef = 040CF1C02DD22D2800B706B2 /* LoginUseCaseProtocol.swift */; };
		040CF1C32DD22D7A00B706B2 /* LoginUseCase.swift in Sources */ = {isa = PBXBuildFile; fileRef = 040CF1C22DD22D7A00B706B2 /* LoginUseCase.swift */; };
		040CF1C52DD22F8E00B706B2 /* Chats.storyboard in Resources */ = {isa = PBXBuildFile; fileRef = 040CF1C42DD22F8E00B706B2 /* Chats.storyboard */; };
		040CF1C92DD23D2900B706B2 /* RegisterUseCaseProtocol.swift in Sources */ = {isa = PBXBuildFile; fileRef = 040CF1C82DD23D2900B706B2 /* RegisterUseCaseProtocol.swift */; };
		040CF1CB2DD23D5100B706B2 /* RegisterUseCase.swift in Sources */ = {isa = PBXBuildFile; fileRef = 040CF1CA2DD23D5100B706B2 /* RegisterUseCase.swift */; };
		040CF1CD2DD23DD400B706B2 /* RegisterViewModel.swift in Sources */ = {isa = PBXBuildFile; fileRef = 040CF1CC2DD23DD400B706B2 /* RegisterViewModel.swift */; };
		042504952DCB643400BD263B /* (null) in Resources */ = {isa = PBXBuildFile; };
		0425049B2DCB64EE00BD263B /* (null) in Sources */ = {isa = PBXBuildFile; };
		042E638C2DD097E800BF11DB /* FirebaseAnalyticsWithoutAdIdSupport in Frameworks */ = {isa = PBXBuildFile; productRef = 04BB7C492DC8D5EA0031A323 /* FirebaseAnalyticsWithoutAdIdSupport */; };
		042E638D2DD097E800BF11DB /* FirebaseAuth in Frameworks */ = {isa = PBXBuildFile; productRef = 04BB7C4B2DC8D5EA0031A323 /* FirebaseAuth */; };
		042E638E2DD097E800BF11DB /* FirebaseDatabase in Frameworks */ = {isa = PBXBuildFile; productRef = 04BB7C4D2DC8D5EA0031A323 /* FirebaseDatabase */; };
		042E638F2DD097E800BF11DB /* FirebaseDatabaseSwift in Frameworks */ = {isa = PBXBuildFile; productRef = 04BB7C4F2DC8D5EA0031A323 /* FirebaseDatabaseSwift */; };
		042E63902DD097E800BF11DB /* FirebaseFirestore in Frameworks */ = {isa = PBXBuildFile; productRef = 04BB7C512DC8D5EA0031A323 /* FirebaseFirestore */; };
		042E63912DD097E800BF11DB /* FirebaseFirestoreSwift in Frameworks */ = {isa = PBXBuildFile; productRef = 04BB7C532DC8D5EA0031A323 /* FirebaseFirestoreSwift */; };
		042E63922DD097E800BF11DB /* FirebaseMessaging in Frameworks */ = {isa = PBXBuildFile; productRef = 04BB7C552DC8D5EA0031A323 /* FirebaseMessaging */; };
		042E63932DD097E800BF11DB /* FirebaseStorage in Frameworks */ = {isa = PBXBuildFile; productRef = 04BB7C572DC8D5EA0031A323 /* FirebaseStorage */; };
		042E639B2DD09E7000BF11DB /* Register.storyboard in Resources */ = {isa = PBXBuildFile; fileRef = 042E63982DD09E7000BF11DB /* Register.storyboard */; };
		042E639C2DD09E7000BF11DB /* RegisterViewController.swift in Sources */ = {isa = PBXBuildFile; fileRef = 042E639A2DD09E7000BF11DB /* RegisterViewController.swift */; };
		042E63A42DD09EA500BF11DB /* ForgotPassword.storyboard in Resources */ = {isa = PBXBuildFile; fileRef = 042E639F2DD09EA500BF11DB /* ForgotPassword.storyboard */; };
		042E63A52DD09EA500BF11DB /* VerificationViewController.swift in Sources */ = {isa = PBXBuildFile; fileRef = 042E63A12DD09EA500BF11DB /* VerificationViewController.swift */; };
		042E63A62DD09EA500BF11DB /* ForgotPasswordViewController.swift in Sources */ = {isa = PBXBuildFile; fileRef = 042E63A22DD09EA500BF11DB /* ForgotPasswordViewController.swift */; };
		042E63A72DD09EA500BF11DB /* NewPasswordViewController.swift in Sources */ = {isa = PBXBuildFile; fileRef = 042E63A32DD09EA500BF11DB /* NewPasswordViewController.swift */; };
		042E63B02DD0A06E00BF11DB /* LoginViewController.swift in Sources */ = {isa = PBXBuildFile; fileRef = 042E63AB2DD0A06D00BF11DB /* LoginViewController.swift */; };
		042E63B12DD0A06E00BF11DB /* Login.storyboard in Resources */ = {isa = PBXBuildFile; fileRef = 042E63AC2DD0A06D00BF11DB /* Login.storyboard */; };
		042E63B42DD0A75E00BF11DB /* GoogleService-Info.plist in Resources */ = {isa = PBXBuildFile; fileRef = 042E63B32DD0A75E00BF11DB /* GoogleService-Info.plist */; };
		042E63B52DD0A8D500BF11DB /* SceneDelegate.swift in Sources */ = {isa = PBXBuildFile; fileRef = 04BB7C342DC8CEAD0031A323 /* SceneDelegate.swift */; };
		043F3AB82DD156D700B08049 /* ChatsViewController.swift in Sources */ = {isa = PBXBuildFile; fileRef = 043F3AB72DD156D700B08049 /* ChatsViewController.swift */; };
		04B765862DD116A100AEB682 /* RegisterNavigating.swift in Sources */ = {isa = PBXBuildFile; fileRef = 04B765852DD116A100AEB682 /* RegisterNavigating.swift */; };
		04B765882DD116F100AEB682 /* LoginNavigating.swift in Sources */ = {isa = PBXBuildFile; fileRef = 04B765872DD116F100AEB682 /* LoginNavigating.swift */; };
		04B7658A2DD1171D00AEB682 /* ForgotPasswordNavigating.swift in Sources */ = {isa = PBXBuildFile; fileRef = 04B765892DD1171D00AEB682 /* ForgotPasswordNavigating.swift */; };
		04B7658C2DD1178200AEB682 /* RegisterNavigationHandler.swift in Sources */ = {isa = PBXBuildFile; fileRef = 04B7658B2DD1178200AEB682 /* RegisterNavigationHandler.swift */; };
		04B7658E2DD1179900AEB682 /* ForgotPasswordNavigationHandler.swift in Sources */ = {isa = PBXBuildFile; fileRef = 04B7658D2DD1179900AEB682 /* ForgotPasswordNavigationHandler.swift */; };
		04B765902DD117AA00AEB682 /* LoginNavigationHandler.swift in Sources */ = {isa = PBXBuildFile; fileRef = 04B7658F2DD117AA00AEB682 /* LoginNavigationHandler.swift */; };
		04B765922DD118B900AEB682 /* LoginNavigationViewModel.swift in Sources */ = {isa = PBXBuildFile; fileRef = 04B765912DD118B900AEB682 /* LoginNavigationViewModel.swift */; };
		04B765972DD11A4A00AEB682 /* RegisterNavigationViewModel.swift in Sources */ = {isa = PBXBuildFile; fileRef = 04B765962DD11A4A00AEB682 /* RegisterNavigationViewModel.swift */; };
		04B7659A2DD11E0400AEB682 /* ForgotPasswordViewModel.swift in Sources */ = {isa = PBXBuildFile; fileRef = 04B765992DD11E0400AEB682 /* ForgotPasswordViewModel.swift */; };
		04BB7C332DC8CEAD0031A323 /* AppDelegate.swift in Sources */ = {isa = PBXBuildFile; fileRef = 04BB7C322DC8CEAD0031A323 /* AppDelegate.swift */; };
/* End PBXBuildFile section */

/* Begin PBXFileReference section */
		040CF1BD2DD22CE400B706B2 /* LoginViewModel.swift */ = {isa = PBXFileReference; lastKnownFileType = sourcecode.swift; path = LoginViewModel.swift; sourceTree = "<group>"; };
		040CF1C02DD22D2800B706B2 /* LoginUseCaseProtocol.swift */ = {isa = PBXFileReference; lastKnownFileType = sourcecode.swift; path = LoginUseCaseProtocol.swift; sourceTree = "<group>"; };
		040CF1C22DD22D7A00B706B2 /* LoginUseCase.swift */ = {isa = PBXFileReference; lastKnownFileType = sourcecode.swift; path = LoginUseCase.swift; sourceTree = "<group>"; };
		040CF1C42DD22F8E00B706B2 /* Chats.storyboard */ = {isa = PBXFileReference; lastKnownFileType = file.storyboard; path = Chats.storyboard; sourceTree = "<group>"; };
		040CF1C82DD23D2900B706B2 /* RegisterUseCaseProtocol.swift */ = {isa = PBXFileReference; lastKnownFileType = sourcecode.swift; path = RegisterUseCaseProtocol.swift; sourceTree = "<group>"; };
		040CF1CA2DD23D5100B706B2 /* RegisterUseCase.swift */ = {isa = PBXFileReference; lastKnownFileType = sourcecode.swift; path = RegisterUseCase.swift; sourceTree = "<group>"; };
		040CF1CC2DD23DD400B706B2 /* RegisterViewModel.swift */ = {isa = PBXFileReference; lastKnownFileType = sourcecode.swift; path = RegisterViewModel.swift; sourceTree = "<group>"; };
		042E63982DD09E7000BF11DB /* Register.storyboard */ = {isa = PBXFileReference; fileEncoding = 4; lastKnownFileType = file.storyboard; path = Register.storyboard; sourceTree = "<group>"; };
		042E639A2DD09E7000BF11DB /* RegisterViewController.swift */ = {isa = PBXFileReference; fileEncoding = 4; lastKnownFileType = sourcecode.swift; path = RegisterViewController.swift; sourceTree = "<group>"; };
		042E639F2DD09EA500BF11DB /* ForgotPassword.storyboard */ = {isa = PBXFileReference; fileEncoding = 4; lastKnownFileType = file.storyboard; path = ForgotPassword.storyboard; sourceTree = "<group>"; };
		042E63A12DD09EA500BF11DB /* VerificationViewController.swift */ = {isa = PBXFileReference; fileEncoding = 4; lastKnownFileType = sourcecode.swift; path = VerificationViewController.swift; sourceTree = "<group>"; };
		042E63A22DD09EA500BF11DB /* ForgotPasswordViewController.swift */ = {isa = PBXFileReference; fileEncoding = 4; lastKnownFileType = sourcecode.swift; path = ForgotPasswordViewController.swift; sourceTree = "<group>"; };
		042E63A32DD09EA500BF11DB /* NewPasswordViewController.swift */ = {isa = PBXFileReference; fileEncoding = 4; lastKnownFileType = sourcecode.swift; path = NewPasswordViewController.swift; sourceTree = "<group>"; };
		042E63AB2DD0A06D00BF11DB /* LoginViewController.swift */ = {isa = PBXFileReference; fileEncoding = 4; lastKnownFileType = sourcecode.swift; path = LoginViewController.swift; sourceTree = "<group>"; };
		042E63AC2DD0A06D00BF11DB /* Login.storyboard */ = {isa = PBXFileReference; fileEncoding = 4; lastKnownFileType = file.storyboard; path = Login.storyboard; sourceTree = "<group>"; };
		042E63B32DD0A75E00BF11DB /* GoogleService-Info.plist */ = {isa = PBXFileReference; fileEncoding = 4; lastKnownFileType = text.plist.xml; path = "GoogleService-Info.plist"; sourceTree = "<group>"; };
		043F3AB72DD156D700B08049 /* ChatsViewController.swift */ = {isa = PBXFileReference; lastKnownFileType = sourcecode.swift; path = ChatsViewController.swift; sourceTree = "<group>"; };
		04B765852DD116A100AEB682 /* RegisterNavigating.swift */ = {isa = PBXFileReference; lastKnownFileType = sourcecode.swift; path = RegisterNavigating.swift; sourceTree = "<group>"; };
		04B765872DD116F100AEB682 /* LoginNavigating.swift */ = {isa = PBXFileReference; lastKnownFileType = sourcecode.swift; path = LoginNavigating.swift; sourceTree = "<group>"; };
		04B765892DD1171D00AEB682 /* ForgotPasswordNavigating.swift */ = {isa = PBXFileReference; lastKnownFileType = sourcecode.swift; path = ForgotPasswordNavigating.swift; sourceTree = "<group>"; };
		04B7658B2DD1178200AEB682 /* RegisterNavigationHandler.swift */ = {isa = PBXFileReference; lastKnownFileType = sourcecode.swift; path = RegisterNavigationHandler.swift; sourceTree = "<group>"; };
		04B7658D2DD1179900AEB682 /* ForgotPasswordNavigationHandler.swift */ = {isa = PBXFileReference; lastKnownFileType = sourcecode.swift; path = ForgotPasswordNavigationHandler.swift; sourceTree = "<group>"; };
		04B7658F2DD117AA00AEB682 /* LoginNavigationHandler.swift */ = {isa = PBXFileReference; lastKnownFileType = sourcecode.swift; path = LoginNavigationHandler.swift; sourceTree = "<group>"; };
		04B765912DD118B900AEB682 /* LoginNavigationViewModel.swift */ = {isa = PBXFileReference; lastKnownFileType = sourcecode.swift; path = LoginNavigationViewModel.swift; sourceTree = "<group>"; };
		04B765962DD11A4A00AEB682 /* RegisterNavigationViewModel.swift */ = {isa = PBXFileReference; lastKnownFileType = sourcecode.swift; path = RegisterNavigationViewModel.swift; sourceTree = "<group>"; };
		04B765992DD11E0400AEB682 /* ForgotPasswordViewModel.swift */ = {isa = PBXFileReference; lastKnownFileType = sourcecode.swift; path = ForgotPasswordViewModel.swift; sourceTree = "<group>"; };
		04BB7C2F2DC8CEAD0031A323 /* ChatLiveApp.app */ = {isa = PBXFileReference; explicitFileType = wrapper.application; includeInIndex = 0; path = ChatLiveApp.app; sourceTree = BUILT_PRODUCTS_DIR; };
		04BB7C322DC8CEAD0031A323 /* AppDelegate.swift */ = {isa = PBXFileReference; lastKnownFileType = sourcecode.swift; path = AppDelegate.swift; sourceTree = "<group>"; };
		04BB7C342DC8CEAD0031A323 /* SceneDelegate.swift */ = {isa = PBXFileReference; lastKnownFileType = sourcecode.swift; path = SceneDelegate.swift; sourceTree = "<group>"; };
		04BB7C3B2DC8CEB00031A323 /* Assets.xcassets */ = {isa = PBXFileReference; lastKnownFileType = folder.assetcatalog; path = Assets.xcassets; sourceTree = "<group>"; };
		04BB7C3E2DC8CEB00031A323 /* Base */ = {isa = PBXFileReference; lastKnownFileType = file.storyboard; name = Base; path = Base.lproj/LaunchScreen.storyboard; sourceTree = "<group>"; };
		04BB7C402DC8CEB00031A323 /* Info.plist */ = {isa = PBXFileReference; lastKnownFileType = text.plist.xml; path = Info.plist; sourceTree = "<group>"; };
/* End PBXFileReference section */

/* Begin PBXFrameworksBuildPhase section */
		04BB7C2C2DC8CEAD0031A323 /* Frameworks */ = {
			isa = PBXFrameworksBuildPhase;
			buildActionMask = 2147483647;
			files = (
				042E63932DD097E800BF11DB /* FirebaseStorage in Frameworks */,
				042E63922DD097E800BF11DB /* FirebaseMessaging in Frameworks */,
				042E63912DD097E800BF11DB /* FirebaseFirestoreSwift in Frameworks */,
				042E63902DD097E800BF11DB /* FirebaseFirestore in Frameworks */,
				042E638F2DD097E800BF11DB /* FirebaseDatabaseSwift in Frameworks */,
				042E638E2DD097E800BF11DB /* FirebaseDatabase in Frameworks */,
				042E638D2DD097E800BF11DB /* FirebaseAuth in Frameworks */,
				042E638C2DD097E800BF11DB /* FirebaseAnalyticsWithoutAdIdSupport in Frameworks */,
			);
			runOnlyForDeploymentPostprocessing = 0;
		};
/* End PBXFrameworksBuildPhase section */

/* Begin PBXGroup section */
		040CF1BF2DD22CEC00B706B2 /* Protocols */ = {
			isa = PBXGroup;
			children = (
				040CF1C02DD22D2800B706B2 /* LoginUseCaseProtocol.swift */,
				040CF1C82DD23D2900B706B2 /* RegisterUseCaseProtocol.swift */,
			);
			path = Protocols;
			sourceTree = "<group>";
		};
		042E63952DD09E7000BF11DB /* Register */ = {
			isa = PBXGroup;
			children = (
				043F3AB22DD14A5300B08049 /* Coordinator */,
				04B765952DD11A3900AEB682 /* ViewModel */,
				042E63962DD09E7000BF11DB /* Views */,
			);
			path = Register;
			sourceTree = "<group>";
		};
		042E63962DD09E7000BF11DB /* Views */ = {
			isa = PBXGroup;
			children = (
				042E639A2DD09E7000BF11DB /* RegisterViewController.swift */,
				042E63982DD09E7000BF11DB /* Register.storyboard */,
			);
			path = Views;
			sourceTree = "<group>";
		};
		042E639D2DD09EA500BF11DB /* ForgotPassword */ = {
			isa = PBXGroup;
			children = (
				043F3AB12DD14A4A00B08049 /* Coordinator */,
				04B765982DD11DE800AEB682 /* ViewModel */,
				042E639E2DD09EA500BF11DB /* Views */,
			);
			path = ForgotPassword;
			sourceTree = "<group>";
		};
		042E639E2DD09EA500BF11DB /* Views */ = {
			isa = PBXGroup;
			children = (
				042E639F2DD09EA500BF11DB /* ForgotPassword.storyboard */,
				042E63A02DD09EA500BF11DB /* ViewControllers */,
			);
			path = Views;
			sourceTree = "<group>";
		};
		042E63A02DD09EA500BF11DB /* ViewControllers */ = {
			isa = PBXGroup;
			children = (
				042E63A12DD09EA500BF11DB /* VerificationViewController.swift */,
				042E63A22DD09EA500BF11DB /* ForgotPasswordViewController.swift */,
				042E63A32DD09EA500BF11DB /* NewPasswordViewController.swift */,
			);
			path = ViewControllers;
			sourceTree = "<group>";
		};
		042E63A82DD0A06D00BF11DB /* Views */ = {
			isa = PBXGroup;
			children = (
				042E63AB2DD0A06D00BF11DB /* LoginViewController.swift */,
				042E63AC2DD0A06D00BF11DB /* Login.storyboard */,
			);
			path = Views;
			sourceTree = "<group>";
		};
		043F3AB12DD14A4A00B08049 /* Coordinator */ = {
			isa = PBXGroup;
			children = (
				04B765892DD1171D00AEB682 /* ForgotPasswordNavigating.swift */,
				04B7658D2DD1179900AEB682 /* ForgotPasswordNavigationHandler.swift */,
			);
			path = Coordinator;
			sourceTree = "<group>";
		};
		043F3AB22DD14A5300B08049 /* Coordinator */ = {
			isa = PBXGroup;
			children = (
				04B765852DD116A100AEB682 /* RegisterNavigating.swift */,
				04B7658B2DD1178200AEB682 /* RegisterNavigationHandler.swift */,
			);
			path = Coordinator;
			sourceTree = "<group>";
		};
		043F3AB32DD14A5900B08049 /* Coordinator */ = {
			isa = PBXGroup;
			children = (
				04B765872DD116F100AEB682 /* LoginNavigating.swift */,
				04B7658F2DD117AA00AEB682 /* LoginNavigationHandler.swift */,
			);
			path = Coordinator;
			sourceTree = "<group>";
		};
		043F3AB42DD155F100B08049 /* UseCases */ = {
			isa = PBXGroup;
			children = (
				040CF1C22DD22D7A00B706B2 /* LoginUseCase.swift */,
				040CF1CA2DD23D5100B706B2 /* RegisterUseCase.swift */,
			);
			path = UseCases;
			sourceTree = "<group>";
		};
		043F3AB52DD156AC00B08049 /* Chats */ = {
			isa = PBXGroup;
			children = (
				043F3AB62DD156B900B08049 /* Views */,
			);
			path = Chats;
			sourceTree = "<group>";
		};
		043F3AB62DD156B900B08049 /* Views */ = {
			isa = PBXGroup;
			children = (
				043F3AB72DD156D700B08049 /* ChatsViewController.swift */,
				040CF1C42DD22F8E00B706B2 /* Chats.storyboard */,
			);
			path = Views;
			sourceTree = "<group>";
		};
		04B765822DD1121A00AEB682 /* ViewModel */ = {
			isa = PBXGroup;
			children = (
				04B765912DD118B900AEB682 /* LoginNavigationViewModel.swift */,
				040CF1BD2DD22CE400B706B2 /* LoginViewModel.swift */,
			);
			path = ViewModel;
			sourceTree = "<group>";
		};
		04B765952DD11A3900AEB682 /* ViewModel */ = {
			isa = PBXGroup;
			children = (
				04B765962DD11A4A00AEB682 /* RegisterNavigationViewModel.swift */,
				040CF1CC2DD23DD400B706B2 /* RegisterViewModel.swift */,
			);
			path = ViewModel;
			sourceTree = "<group>";
		};
		04B765982DD11DE800AEB682 /* ViewModel */ = {
			isa = PBXGroup;
			children = (
				04B765992DD11E0400AEB682 /* ForgotPasswordViewModel.swift */,
			);
			path = ViewModel;
			sourceTree = "<group>";
		};
		04BB7C262DC8CEAD0031A323 = {
			isa = PBXGroup;
			children = (
				042E63B32DD0A75E00BF11DB /* GoogleService-Info.plist */,
				04BB7C312DC8CEAD0031A323 /* ChatLiveApp */,
				04BB7C302DC8CEAD0031A323 /* Products */,
			);
			sourceTree = "<group>";
		};
		04BB7C302DC8CEAD0031A323 /* Products */ = {
			isa = PBXGroup;
			children = (
				04BB7C2F2DC8CEAD0031A323 /* ChatLiveApp.app */,
			);
			name = Products;
			sourceTree = "<group>";
		};
		04BB7C312DC8CEAD0031A323 /* ChatLiveApp */ = {
			isa = PBXGroup;
			children = (
				04BB7C672DC8F2AC0031A323 /* App */,
				04BB7C592DC8D8590031A323 /* Domain */,
				04BB7C5B2DC8D8840031A323 /*  Data */,
				04BB7C5A2DC8D8780031A323 /* Presentation */,
				04BB7C402DC8CEB00031A323 /* Info.plist */,
			);
			path = ChatLiveApp;
			sourceTree = "<group>";
		};
		04BB7C592DC8D8590031A323 /* Domain */ = {
			isa = PBXGroup;
			children = (
				040CF1BF2DD22CEC00B706B2 /* Protocols */,
				043F3AB42DD155F100B08049 /* UseCases */,
			);
			path = Domain;
			sourceTree = "<group>";
		};
		04BB7C5A2DC8D8780031A323 /* Presentation */ = {
			isa = PBXGroup;
			children = (
				04BB7C5C2DC8D8AD0031A323 /* Modules */,
			);
			path = Presentation;
			sourceTree = "<group>";
		};
		04BB7C5B2DC8D8840031A323 /*  Data */ = {
			isa = PBXGroup;
			children = (
			);
			path = " Data";
			sourceTree = "<group>";
		};
		04BB7C5C2DC8D8AD0031A323 /* Modules */ = {
			isa = PBXGroup;
			children = (
				043F3AB52DD156AC00B08049 /* Chats */,
				042E639D2DD09EA500BF11DB /* ForgotPassword */,
				042E63952DD09E7000BF11DB /* Register */,
				04BB7C5D2DC8D8B30031A323 /* Login */,
			);
			path = Modules;
			sourceTree = "<group>";
		};
		04BB7C5D2DC8D8B30031A323 /* Login */ = {
			isa = PBXGroup;
			children = (
				043F3AB32DD14A5900B08049 /* Coordinator */,
				04B765822DD1121A00AEB682 /* ViewModel */,
				042E63A82DD0A06D00BF11DB /* Views */,
			);
			path = Login;
			sourceTree = "<group>";
		};


		04BB7C672DC8F2AC0031A323 /* App */ = {
			isa = PBXGroup;
			children = (
				04BB7C3D2DC8CEB00031A323 /* LaunchScreen.storyboard */,
				04BB7C3B2DC8CEB00031A323 /* Assets.xcassets */,
				04BB7C342DC8CEAD0031A323 /* SceneDelegate.swift */,
				04BB7C322DC8CEAD0031A323 /* AppDelegate.swift */,
			);
			path = App;
			sourceTree = "<group>";
		};


/* End PBXGroup section */

/* Begin PBXNativeTarget section */
		04BB7C2E2DC8CEAD0031A323 /* ChatLiveApp */ = {
			isa = PBXNativeTarget;
			buildConfigurationList = 04BB7C432DC8CEB00031A323 /* Build configuration list for PBXNativeTarget "ChatLiveApp" */;
			buildPhases = (
				04BB7C2B2DC8CEAD0031A323 /* Sources */,
				04BB7C2C2DC8CEAD0031A323 /* Frameworks */,
				04BB7C2D2DC8CEAD0031A323 /* Resources */,
			);
			buildRules = (
			);
			dependencies = (
			);
			name = ChatLiveApp;
			packageProductDependencies = (
				04BB7C492DC8D5EA0031A323 /* FirebaseAnalyticsWithoutAdIdSupport */,
				04BB7C4B2DC8D5EA0031A323 /* FirebaseAuth */,
				04BB7C4D2DC8D5EA0031A323 /* FirebaseDatabase */,
				04BB7C4F2DC8D5EA0031A323 /* FirebaseDatabaseSwift */,
				04BB7C512DC8D5EA0031A323 /* FirebaseFirestore */,
				04BB7C532DC8D5EA0031A323 /* FirebaseFirestoreSwift */,
				04BB7C552DC8D5EA0031A323 /* FirebaseMessaging */,
				04BB7C572DC8D5EA0031A323 /* FirebaseStorage */,
			);
			productName = ChatLiveApp;
			productReference = 04BB7C2F2DC8CEAD0031A323 /* ChatLiveApp.app */;
			productType = "com.apple.product-type.application";
		};
/* End PBXNativeTarget section */

/* Begin PBXProject section */
		04BB7C272DC8CEAD0031A323 /* Project object */ = {
			isa = PBXProject;
			attributes = {
				BuildIndependentTargetsInParallel = 1;
				LastSwiftUpdateCheck = 1420;
				LastUpgradeCheck = 1420;
				TargetAttributes = {
					04BB7C2E2DC8CEAD0031A323 = {
						CreatedOnToolsVersion = 14.2;
					};
				};
			};
			buildConfigurationList = 04BB7C2A2DC8CEAD0031A323 /* Build configuration list for PBXProject "ChatLiveApp" */;
			compatibilityVersion = "Xcode 14.0";
			developmentRegion = en;
			hasScannedForEncodings = 0;
			knownRegions = (
				en,
				Base,
			);
			mainGroup = 04BB7C262DC8CEAD0031A323;
			packageReferences = (
				04BB7C482DC8D5EA0031A323 /* XCRemoteSwiftPackageReference "firebase-ios-sdk" */,
			);
			productRefGroup = 04BB7C302DC8CEAD0031A323 /* Products */;
			projectDirPath = "";
			projectRoot = "";
			targets = (
				04BB7C2E2DC8CEAD0031A323 /* ChatLiveApp */,
			);
		};
/* End PBXProject section */

/* Begin PBXResourcesBuildPhase section */
		04BB7C2D2DC8CEAD0031A323 /* Resources */ = {
			isa = PBXResourcesBuildPhase;
			buildActionMask = 2147483647;
			files = (
				042E63A42DD09EA500BF11DB /* ForgotPassword.storyboard in Resources */,
				040CF1C52DD22F8E00B706B2 /* Chats.storyboard in Resources */,
				042504952DCB643400BD263B /* (null) in Resources */,
				042E63B12DD0A06E00BF11DB /* Login.storyboard in Resources */,
				042E639B2DD09E7000BF11DB /* Register.storyboard in Resources */,
				042E63B42DD0A75E00BF11DB /* GoogleService-Info.plist in Resources */,
			);
			runOnlyForDeploymentPostprocessing = 0;
		};
/* End PBXResourcesBuildPhase section */

/* Begin PBXSourcesBuildPhase section */
		04BB7C2B2DC8CEAD0031A323 /* Sources */ = {
			isa = PBXSourcesBuildPhase;
			buildActionMask = 2147483647;
			files = (
				04B765902DD117AA00AEB682 /* LoginNavigationHandler.swift in Sources */,
				0425049B2DCB64EE00BD263B /* (null) in Sources */,
				042E63A62DD09EA500BF11DB /* ForgotPasswordViewController.swift in Sources */,
				04B765972DD11A4A00AEB682 /* RegisterNavigationViewModel.swift in Sources */,
				040CF1C92DD23D2900B706B2 /* RegisterUseCaseProtocol.swift in Sources */,
				042E63B02DD0A06E00BF11DB /* LoginViewController.swift in Sources */,
				040CF1C12DD22D2800B706B2 /* LoginUseCaseProtocol.swift in Sources */,
				04B7658C2DD1178200AEB682 /* RegisterNavigationHandler.swift in Sources */,
				04B765862DD116A100AEB682 /* RegisterNavigating.swift in Sources */,
				04B765882DD116F100AEB682 /* LoginNavigating.swift in Sources */,
				04BB7C332DC8CEAD0031A323 /* AppDelegate.swift in Sources */,
				04B765922DD118B900AEB682 /* LoginNavigationViewModel.swift in Sources */,
				040CF1C32DD22D7A00B706B2 /* LoginUseCase.swift in Sources */,
				04B7658E2DD1179900AEB682 /* ForgotPasswordNavigationHandler.swift in Sources */,
				042E63A72DD09EA500BF11DB /* NewPasswordViewController.swift in Sources */,
				04B7659A2DD11E0400AEB682 /* ForgotPasswordViewModel.swift in Sources */,
				042E63A52DD09EA500BF11DB /* VerificationViewController.swift in Sources */,
				042E639C2DD09E7000BF11DB /* RegisterViewController.swift in Sources */,
				042E63B52DD0A8D500BF11DB /* SceneDelegate.swift in Sources */,
				040CF1CD2DD23DD400B706B2 /* RegisterViewModel.swift in Sources */,
				040CF1CB2DD23D5100B706B2 /* RegisterUseCase.swift in Sources */,
				043F3AB82DD156D700B08049 /* ChatsViewController.swift in Sources */,
				040CF1BE2DD22CE400B706B2 /* LoginViewModel.swift in Sources */,
				04B7658A2DD1171D00AEB682 /* ForgotPasswordNavigating.swift in Sources */,
			);
			runOnlyForDeploymentPostprocessing = 0;
		};
/* End PBXSourcesBuildPhase section */

/* Begin PBXVariantGroup section */
		04BB7C3D2DC8CEB00031A323 /* LaunchScreen.storyboard */ = {
			isa = PBXVariantGroup;
			children = (
				04BB7C3E2DC8CEB00031A323 /* Base */,
			);
			name = LaunchScreen.storyboard;
			sourceTree = "<group>";
		};
/* End PBXVariantGroup section */

/* Begin XCBuildConfiguration section */
		04BB7C412DC8CEB00031A323 /* Debug */ = {
			isa = XCBuildConfiguration;
			buildSettings = {
				ALWAYS_SEARCH_USER_PATHS = NO;
				CLANG_ANALYZER_NONNULL = YES;
				CLANG_ANALYZER_NUMBER_OBJECT_CONVERSION = YES_AGGRESSIVE;
				CLANG_CXX_LANGUAGE_STANDARD = "gnu++20";
				CLANG_ENABLE_MODULES = YES;
				CLANG_ENABLE_OBJC_ARC = YES;
				CLANG_ENABLE_OBJC_WEAK = YES;
				CLANG_WARN_BLOCK_CAPTURE_AUTORELEASING = YES;
				CLANG_WARN_BOOL_CONVERSION = YES;
				CLANG_WARN_COMMA = YES;
				CLANG_WARN_CONSTANT_CONVERSION = YES;
				CLANG_WARN_DEPRECATED_OBJC_IMPLEMENTATIONS = YES;
				CLANG_WARN_DIRECT_OBJC_ISA_USAGE = YES_ERROR;
				CLANG_WARN_DOCUMENTATION_COMMENTS = YES;
				CLANG_WARN_EMPTY_BODY = YES;
				CLANG_WARN_ENUM_CONVERSION = YES;
				CLANG_WARN_INFINITE_RECURSION = YES;
				CLANG_WARN_INT_CONVERSION = YES;
				CLANG_WARN_NON_LITERAL_NULL_CONVERSION = YES;
				CLANG_WARN_OBJC_IMPLICIT_RETAIN_SELF = YES;
				CLANG_WARN_OBJC_LITERAL_CONVERSION = YES;
				CLANG_WARN_OBJC_ROOT_CLASS = YES_ERROR;
				CLANG_WARN_QUOTED_INCLUDE_IN_FRAMEWORK_HEADER = YES;
				CLANG_WARN_RANGE_LOOP_ANALYSIS = YES;
				CLANG_WARN_STRICT_PROTOTYPES = YES;
				CLANG_WARN_SUSPICIOUS_MOVE = YES;
				CLANG_WARN_UNGUARDED_AVAILABILITY = YES_AGGRESSIVE;
				CLANG_WARN_UNREACHABLE_CODE = YES;
				CLANG_WARN__DUPLICATE_METHOD_MATCH = YES;
				COPY_PHASE_STRIP = NO;
				DEBUG_INFORMATION_FORMAT = dwarf;
				ENABLE_STRICT_OBJC_MSGSEND = YES;
				ENABLE_TESTABILITY = YES;
				GCC_C_LANGUAGE_STANDARD = gnu11;
				GCC_DYNAMIC_NO_PIC = NO;
				GCC_NO_COMMON_BLOCKS = YES;
				GCC_OPTIMIZATION_LEVEL = 0;
				GCC_PREPROCESSOR_DEFINITIONS = (
					"DEBUG=1",
					"$(inherited)",
				);
				GCC_WARN_64_TO_32_BIT_CONVERSION = YES;
				GCC_WARN_ABOUT_RETURN_TYPE = YES_ERROR;
				GCC_WARN_UNDECLARED_SELECTOR = YES;
				GCC_WARN_UNINITIALIZED_AUTOS = YES_AGGRESSIVE;
				GCC_WARN_UNUSED_FUNCTION = YES;
				GCC_WARN_UNUSED_VARIABLE = YES;
				IPHONEOS_DEPLOYMENT_TARGET = 16.2;
				MTL_ENABLE_DEBUG_INFO = INCLUDE_SOURCE;
				MTL_FAST_MATH = YES;
				ONLY_ACTIVE_ARCH = YES;
				SDKROOT = iphoneos;
				SWIFT_ACTIVE_COMPILATION_CONDITIONS = DEBUG;
				SWIFT_OPTIMIZATION_LEVEL = "-Onone";
			};
			name = Debug;
		};
		04BB7C422DC8CEB00031A323 /* Release */ = {
			isa = XCBuildConfiguration;
			buildSettings = {
				ALWAYS_SEARCH_USER_PATHS = NO;
				CLANG_ANALYZER_NONNULL = YES;
				CLANG_ANALYZER_NUMBER_OBJECT_CONVERSION = YES_AGGRESSIVE;
				CLANG_CXX_LANGUAGE_STANDARD = "gnu++20";
				CLANG_ENABLE_MODULES = YES;
				CLANG_ENABLE_OBJC_ARC = YES;
				CLANG_ENABLE_OBJC_WEAK = YES;
				CLANG_WARN_BLOCK_CAPTURE_AUTORELEASING = YES;
				CLANG_WARN_BOOL_CONVERSION = YES;
				CLANG_WARN_COMMA = YES;
				CLANG_WARN_CONSTANT_CONVERSION = YES;
				CLANG_WARN_DEPRECATED_OBJC_IMPLEMENTATIONS = YES;
				CLANG_WARN_DIRECT_OBJC_ISA_USAGE = YES_ERROR;
				CLANG_WARN_DOCUMENTATION_COMMENTS = YES;
				CLANG_WARN_EMPTY_BODY = YES;
				CLANG_WARN_ENUM_CONVERSION = YES;
				CLANG_WARN_INFINITE_RECURSION = YES;
				CLANG_WARN_INT_CONVERSION = YES;
				CLANG_WARN_NON_LITERAL_NULL_CONVERSION = YES;
				CLANG_WARN_OBJC_IMPLICIT_RETAIN_SELF = YES;
				CLANG_WARN_OBJC_LITERAL_CONVERSION = YES;
				CLANG_WARN_OBJC_ROOT_CLASS = YES_ERROR;
				CLANG_WARN_QUOTED_INCLUDE_IN_FRAMEWORK_HEADER = YES;
				CLANG_WARN_RANGE_LOOP_ANALYSIS = YES;
				CLANG_WARN_STRICT_PROTOTYPES = YES;
				CLANG_WARN_SUSPICIOUS_MOVE = YES;
				CLANG_WARN_UNGUARDED_AVAILABILITY = YES_AGGRESSIVE;
				CLANG_WARN_UNREACHABLE_CODE = YES;
				CLANG_WARN__DUPLICATE_METHOD_MATCH = YES;
				COPY_PHASE_STRIP = NO;
				DEBUG_INFORMATION_FORMAT = "dwarf-with-dsym";
				ENABLE_NS_ASSERTIONS = NO;
				ENABLE_STRICT_OBJC_MSGSEND = YES;
				GCC_C_LANGUAGE_STANDARD = gnu11;
				GCC_NO_COMMON_BLOCKS = YES;
				GCC_WARN_64_TO_32_BIT_CONVERSION = YES;
				GCC_WARN_ABOUT_RETURN_TYPE = YES_ERROR;
				GCC_WARN_UNDECLARED_SELECTOR = YES;
				GCC_WARN_UNINITIALIZED_AUTOS = YES_AGGRESSIVE;
				GCC_WARN_UNUSED_FUNCTION = YES;
				GCC_WARN_UNUSED_VARIABLE = YES;
				IPHONEOS_DEPLOYMENT_TARGET = 16.2;
				MTL_ENABLE_DEBUG_INFO = NO;
				MTL_FAST_MATH = YES;
				SDKROOT = iphoneos;
				SWIFT_COMPILATION_MODE = wholemodule;
				SWIFT_OPTIMIZATION_LEVEL = "-O";
				VALIDATE_PRODUCT = YES;
			};
			name = Release;
		};
		04BB7C442DC8CEB00031A323 /* Debug */ = {
			isa = XCBuildConfiguration;
			buildSettings = {
				ASSETCATALOG_COMPILER_APPICON_NAME = AppIcon;
				ASSETCATALOG_COMPILER_GLOBAL_ACCENT_COLOR_NAME = AccentColor;
				CODE_SIGN_STYLE = Automatic;
				CURRENT_PROJECT_VERSION = 1;
				GENERATE_INFOPLIST_FILE = YES;
				INFOPLIST_FILE = ChatLiveApp/Info.plist;
				INFOPLIST_KEY_UIApplicationSupportsIndirectInputEvents = YES;
				INFOPLIST_KEY_UILaunchStoryboardName = LaunchScreen;
				INFOPLIST_KEY_UIMainStoryboardFile = "";
				INFOPLIST_KEY_UISupportedInterfaceOrientations = "UIInterfaceOrientationLandscapeLeft UIInterfaceOrientationLandscapeRight UIInterfaceOrientationPortrait";
				INFOPLIST_KEY_UISupportedInterfaceOrientations_iPad = "UIInterfaceOrientationPortrait UIInterfaceOrientationPortrait";
				LD_RUNPATH_SEARCH_PATHS = (
					"$(inherited)",
					"@executable_path/Frameworks",
				);
				MARKETING_VERSION = 1.0;
				PRODUCT_BUNDLE_IDENTIFIER = com.basantsalama.ChatLiveApp;
				PRODUCT_NAME = "$(TARGET_NAME)";
				SUPPORTED_PLATFORMS = "iphoneos iphonesimulator";
				SUPPORTS_MACCATALYST = NO;
				SUPPORTS_MAC_DESIGNED_FOR_IPHONE_IPAD = NO;
				SWIFT_EMIT_LOC_STRINGS = YES;
				SWIFT_VERSION = 5.0;
				TARGETED_DEVICE_FAMILY = "1,2";
			};
			name = Debug;
		};
		04BB7C452DC8CEB00031A323 /* Release */ = {
			isa = XCBuildConfiguration;
			buildSettings = {
				ASSETCATALOG_COMPILER_APPICON_NAME = AppIcon;
				ASSETCATALOG_COMPILER_GLOBAL_ACCENT_COLOR_NAME = AccentColor;
				CODE_SIGN_STYLE = Automatic;
				CURRENT_PROJECT_VERSION = 1;
				GENERATE_INFOPLIST_FILE = YES;
				INFOPLIST_FILE = ChatLiveApp/Info.plist;
				INFOPLIST_KEY_UIApplicationSupportsIndirectInputEvents = YES;
				INFOPLIST_KEY_UILaunchStoryboardName = LaunchScreen;
				INFOPLIST_KEY_UIMainStoryboardFile = "";
				INFOPLIST_KEY_UISupportedInterfaceOrientations = "UIInterfaceOrientationLandscapeLeft UIInterfaceOrientationLandscapeRight UIInterfaceOrientationPortrait";
				INFOPLIST_KEY_UISupportedInterfaceOrientations_iPad = "UIInterfaceOrientationPortrait UIInterfaceOrientationPortrait";
				LD_RUNPATH_SEARCH_PATHS = (
					"$(inherited)",
					"@executable_path/Frameworks",
				);
				MARKETING_VERSION = 1.0;
				PRODUCT_BUNDLE_IDENTIFIER = com.basantsalama.ChatLiveApp;
				PRODUCT_NAME = "$(TARGET_NAME)";
				SUPPORTED_PLATFORMS = "iphoneos iphonesimulator";
				SUPPORTS_MACCATALYST = NO;
				SUPPORTS_MAC_DESIGNED_FOR_IPHONE_IPAD = NO;
				SWIFT_EMIT_LOC_STRINGS = YES;
				SWIFT_VERSION = 5.0;
				TARGETED_DEVICE_FAMILY = "1,2";
			};
			name = Release;
		};
/* End XCBuildConfiguration section */

/* Begin XCConfigurationList section */
		04BB7C2A2DC8CEAD0031A323 /* Build configuration list for PBXProject "ChatLiveApp" */ = {
			isa = XCConfigurationList;
			buildConfigurations = (
				04BB7C412DC8CEB00031A323 /* Debug */,
				04BB7C422DC8CEB00031A323 /* Release */,
			);
			defaultConfigurationIsVisible = 0;
			defaultConfigurationName = Release;
		};
		04BB7C432DC8CEB00031A323 /* Build configuration list for PBXNativeTarget "ChatLiveApp" */ = {
			isa = XCConfigurationList;
			buildConfigurations = (
				04BB7C442DC8CEB00031A323 /* Debug */,
				04BB7C452DC8CEB00031A323 /* Release */,
			);
			defaultConfigurationIsVisible = 0;
			defaultConfigurationName = Release;
		};
/* End XCConfigurationList section */

/* Begin XCRemoteSwiftPackageReference section */
		04BB7C482DC8D5EA0031A323 /* XCRemoteSwiftPackageReference "firebase-ios-sdk" */ = {
			isa = XCRemoteSwiftPackageReference;
			repositoryURL = "https://github.com/firebase/firebase-ios-sdk";
			requirement = {
				kind = upToNextMajorVersion;
				minimumVersion = 9.0.0;
			};
		};
/* End XCRemoteSwiftPackageReference section */

/* Begin XCSwiftPackageProductDependency section */
		04BB7C492DC8D5EA0031A323 /* FirebaseAnalyticsWithoutAdIdSupport */ = {
			isa = XCSwiftPackageProductDependency;
			package = 04BB7C482DC8D5EA0031A323 /* XCRemoteSwiftPackageReference "firebase-ios-sdk" */;
			productName = FirebaseAnalyticsWithoutAdIdSupport;
		};
		04BB7C4B2DC8D5EA0031A323 /* FirebaseAuth */ = {
			isa = XCSwiftPackageProductDependency;
			package = 04BB7C482DC8D5EA0031A323 /* XCRemoteSwiftPackageReference "firebase-ios-sdk" */;
			productName = FirebaseAuth;
		};
		04BB7C4D2DC8D5EA0031A323 /* FirebaseDatabase */ = {
			isa = XCSwiftPackageProductDependency;
			package = 04BB7C482DC8D5EA0031A323 /* XCRemoteSwiftPackageReference "firebase-ios-sdk" */;
			productName = FirebaseDatabase;
		};
		04BB7C4F2DC8D5EA0031A323 /* FirebaseDatabaseSwift */ = {
			isa = XCSwiftPackageProductDependency;
			package = 04BB7C482DC8D5EA0031A323 /* XCRemoteSwiftPackageReference "firebase-ios-sdk" */;
			productName = FirebaseDatabaseSwift;
		};
		04BB7C512DC8D5EA0031A323 /* FirebaseFirestore */ = {
			isa = XCSwiftPackageProductDependency;
			package = 04BB7C482DC8D5EA0031A323 /* XCRemoteSwiftPackageReference "firebase-ios-sdk" */;
			productName = FirebaseFirestore;
		};
		04BB7C532DC8D5EA0031A323 /* FirebaseFirestoreSwift */ = {
			isa = XCSwiftPackageProductDependency;
			package = 04BB7C482DC8D5EA0031A323 /* XCRemoteSwiftPackageReference "firebase-ios-sdk" */;
			productName = FirebaseFirestoreSwift;
		};
		04BB7C552DC8D5EA0031A323 /* FirebaseMessaging */ = {
			isa = XCSwiftPackageProductDependency;
			package = 04BB7C482DC8D5EA0031A323 /* XCRemoteSwiftPackageReference "firebase-ios-sdk" */;
			productName = FirebaseMessaging;
		};
		04BB7C572DC8D5EA0031A323 /* FirebaseStorage */ = {
			isa = XCSwiftPackageProductDependency;
			package = 04BB7C482DC8D5EA0031A323 /* XCRemoteSwiftPackageReference "firebase-ios-sdk" */;
			productName = FirebaseStorage;
		};
/* End XCSwiftPackageProductDependency section */
	};
	rootObject = 04BB7C272DC8CEAD0031A323 /* Project object */;
}
