// !$*UTF8*$!
{
	archiveVersion = 1;
	classes = {
	};
	objectVersion = 56;
	objects = {

/* Begin PBXBuildFile section */
		04BB7C332DC8CEAD0031A323 /* AppDelegate.swift in Sources */ = {isa = PBXBuildFile; fileRef = 04BB7C322DC8CEAD0031A323 /* AppDelegate.swift */; };
		04BB7C352DC8CEAD0031A323 /* SceneDelegate.swift in Sources */ = {isa = PBXBuildFile; fileRef = 04BB7C342DC8CEAD0031A323 /* SceneDelegate.swift */; };
		04BB7C3A2DC8CEAD0031A323 /* Main.storyboard in Resources */ = {isa = PBXBuildFile; fileRef = 04BB7C382DC8CEAD0031A323 /* Main.storyboard */; };
		04BB7C3C2DC8CEB00031A323 /* Assets.xcassets in Resources */ = {isa = PBXBuildFile; fileRef = 04BB7C3B2DC8CEB00031A323 /* Assets.xcassets */; };
		04BB7C3F2DC8CEB00031A323 /* LaunchScreen.storyboard in Resources */ = {isa = PBXBuildFile; fileRef = 04BB7C3D2DC8CEB00031A323 /* LaunchScreen.storyboard */; };
		04BB7C472DC8D0CC0031A323 /* GoogleService-Info.plist in Resources */ = {isa = PBXBuildFile; fileRef = 04BB7C462DC8D0CC0031A323 /* GoogleService-Info.plist */; };
		04BB7C4A2DC8D5EA0031A323 /* FirebaseAnalyticsWithoutAdIdSupport in Frameworks */ = {isa = PBXBuildFile; productRef = 04BB7C492DC8D5EA0031A323 /* FirebaseAnalyticsWithoutAdIdSupport */; };
		04BB7C4C2DC8D5EA0031A323 /* FirebaseAuth in Frameworks */ = {isa = PBXBuildFile; productRef = 04BB7C4B2DC8D5EA0031A323 /* FirebaseAuth */; };
		04BB7C4E2DC8D5EA0031A323 /* FirebaseDatabase in Frameworks */ = {isa = PBXBuildFile; productRef = 04BB7C4D2DC8D5EA0031A323 /* FirebaseDatabase */; };
		04BB7C502DC8D5EA0031A323 /* FirebaseDatabaseSwift in Frameworks */ = {isa = PBXBuildFile; productRef = 04BB7C4F2DC8D5EA0031A323 /* FirebaseDatabaseSwift */; };
		04BB7C522DC8D5EA0031A323 /* FirebaseFirestore in Frameworks */ = {isa = PBXBuildFile; productRef = 04BB7C512DC8D5EA0031A323 /* FirebaseFirestore */; };
		04BB7C542DC8D5EA0031A323 /* FirebaseFirestoreSwift in Frameworks */ = {isa = PBXBuildFile; productRef = 04BB7C532DC8D5EA0031A323 /* FirebaseFirestoreSwift */; };
		04BB7C562DC8D5EA0031A323 /* FirebaseMessaging in Frameworks */ = {isa = PBXBuildFile; productRef = 04BB7C552DC8D5EA0031A323 /* FirebaseMessaging */; };
		04BB7C582DC8D5EA0031A323 /* FirebaseStorage in Frameworks */ = {isa = PBXBuildFile; productRef = 04BB7C572DC8D5EA0031A323 /* FirebaseStorage */; };
/* End PBXBuildFile section */

/* Begin PBXFileReference section */
		04BB7C2F2DC8CEAD0031A323 /* ChatLiveApp.app */ = {isa = PBXFileReference; explicitFileType = wrapper.application; includeInIndex = 0; path = ChatLiveApp.app; sourceTree = BUILT_PRODUCTS_DIR; };
		04BB7C322DC8CEAD0031A323 /* AppDelegate.swift */ = {isa = PBXFileReference; lastKnownFileType = sourcecode.swift; path = AppDelegate.swift; sourceTree = "<group>"; };
		04BB7C342DC8CEAD0031A323 /* SceneDelegate.swift */ = {isa = PBXFileReference; lastKnownFileType = sourcecode.swift; path = SceneDelegate.swift; sourceTree = "<group>"; };
		04BB7C392DC8CEAD0031A323 /* Base */ = {isa = PBXFileReference; lastKnownFileType = file.storyboard; name = Base; path = Base.lproj/Main.storyboard; sourceTree = "<group>"; };
		04BB7C3B2DC8CEB00031A323 /* Assets.xcassets */ = {isa = PBXFileReference; lastKnownFileType = folder.assetcatalog; path = Assets.xcassets; sourceTree = "<group>"; };
		04BB7C3E2DC8CEB00031A323 /* Base */ = {isa = PBXFileReference; lastKnownFileType = file.storyboard; name = Base; path = Base.lproj/LaunchScreen.storyboard; sourceTree = "<group>"; };
		04BB7C402DC8CEB00031A323 /* Info.plist */ = {isa = PBXFileReference; lastKnownFileType = text.plist.xml; path = Info.plist; sourceTree = "<group>"; };
		04BB7C462DC8D0CC0031A323 /* GoogleService-Info.plist */ = {isa = PBXFileReference; fileEncoding = 4; lastKnownFileType = text.plist.xml; path = "GoogleService-Info.plist"; sourceTree = "<group>"; };
/* End PBXFileReference section */

/* Begin PBXFrameworksBuildPhase section */
		04BB7C2C2DC8CEAD0031A323 /* Frameworks */ = {
			isa = PBXFrameworksBuildPhase;
			buildActionMask = 2147483647;
			files = (
				04BB7C502DC8D5EA0031A323 /* FirebaseDatabaseSwift in Frameworks */,
				04BB7C4E2DC8D5EA0031A323 /* FirebaseDatabase in Frameworks */,
				04BB7C562DC8D5EA0031A323 /* FirebaseMessaging in Frameworks */,
				04BB7C4A2DC8D5EA0031A323 /* FirebaseAnalyticsWithoutAdIdSupport in Frameworks */,
				04BB7C522DC8D5EA0031A323 /* FirebaseFirestore in Frameworks */,
				04BB7C582DC8D5EA0031A323 /* FirebaseStorage in Frameworks */,
				04BB7C4C2DC8D5EA0031A323 /* FirebaseAuth in Frameworks */,
				04BB7C542DC8D5EA0031A323 /* FirebaseFirestoreSwift in Frameworks */,
			);
			runOnlyForDeploymentPostprocessing = 0;
		};
/* End PBXFrameworksBuildPhase section */

/* Begin PBXGroup section */
		04BB7C262DC8CEAD0031A323 = {
			isa = PBXGroup;
			children = (
				04BB7C312DC8CEAD0031A323 /* ChatLiveApp */,
				04BB7C302DC8CEAD0031A323 /* Products */,
			);
			sourceTree = "<group>";
		};
		04BB7C302DC8CEAD0031A323 /* Products */ = {
			isa = PBXGroup;
			children = (
				04BB7C2F2DC8CEAD0031A323 /* ChatLiveApp.app */,
			);
			name = Products;
			sourceTree = "<group>";
		};
		04BB7C312DC8CEAD0031A323 /* ChatLiveApp */ = {
			isa = PBXGroup;
			children = (
				04BB7C672DC8F2AC0031A323 /* App */,
				04BB7C592DC8D8590031A323 /* Domain */,
				04BB7C5B2DC8D8840031A323 /*  Data */,
				04BB7C5A2DC8D8780031A323 /* Presentation */,
				04BB7C402DC8CEB00031A323 /* Info.plist */,
			);
			path = ChatLiveApp;
			sourceTree = "<group>";
		};
		04BB7C592DC8D8590031A323 /* Domain */ = {
			isa = PBXGroup;
			children = (
				04BB7C642DC8F16F0031A323 /* UseCases */,
			);
			path = Domain;
			sourceTree = "<group>";
		};
		04BB7C5A2DC8D8780031A323 /* Presentation */ = {
			isa = PBXGroup;
			children = (
				04BB7C5C2DC8D8AD0031A323 /* Modules */,
			);
			path = Presentation;
			sourceTree = "<group>";
		};
		04BB7C5B2DC8D8840031A323 /*  Data */ = {
			isa = PBXGroup;
			children = (
			);
			path = " Data";
			sourceTree = "<group>";
		};
		04BB7C5C2DC8D8AD0031A323 /* Modules */ = {
			isa = PBXGroup;
			children = (
				04BB7C5D2DC8D8B30031A323 /* Login */,
			);
			path = Modules;
			sourceTree = "<group>";
		};
		04BB7C5D2DC8D8B30031A323 /* Login */ = {
			isa = PBXGroup;
			children = (
				04BB7C5F2DC8D8DE0031A323 /* ViewModels */,
				04BB7C5E2DC8D8D60031A323 /* Views */,
			);
			path = Login;
			sourceTree = "<group>";
		};
		04BB7C5E2DC8D8D60031A323 /* Views */ = {
			isa = PBXGroup;
			children = (
				04BB7C602DC8D8F30031A323 /* ViewController */,
			);
			path = Views;
			sourceTree = "<group>";
		};
		04BB7C5F2DC8D8DE0031A323 /* ViewModels */ = {
			isa = PBXGroup;
			children = (
			);
			path = ViewModels;
			sourceTree = "<group>";
		};
		04BB7C602DC8D8F30031A323 /* ViewController */ = {
			isa = PBXGroup;
			children = (
			);
			path = ViewController;
			sourceTree = "<group>";
		};
		04BB7C642DC8F16F0031A323 /* UseCases */ = {
			isa = PBXGroup;
			children = (
			);
			path = UseCases;
			sourceTree = "<group>";
		};
		04BB7C672DC8F2AC0031A323 /* App */ = {
			isa = PBXGroup;
			children = (
				04BB7C3D2DC8CEB00031A323 /* LaunchScreen.storyboard */,
				04BB7C382DC8CEAD0031A323 /* Main.storyboard */,
				04BB7C3B2DC8CEB00031A323 /* Assets.xcassets */,
				04BB7C342DC8CEAD0031A323 /* SceneDelegate.swift */,
				04BB7C322DC8CEAD0031A323 /* AppDelegate.swift */,
				04BB7C682DC8F3430031A323 /* Resources */,
			);
			path = App;
			sourceTree = "<group>";
		};
		04BB7C682DC8F3430031A323 /* Resources */ = {
			isa = PBXGroup;
			children = (
				04BB7C462DC8D0CC0031A323 /* GoogleService-Info.plist */,
			);
			path = Resources;
			sourceTree = "<group>";
		};
/* End PBXGroup section */

/* Begin PBXNativeTarget section */
		04BB7C2E2DC8CEAD0031A323 /* ChatLiveApp */ = {
			isa = PBXNativeTarget;
			buildConfigurationList = 04BB7C432DC8CEB00031A323 /* Build configuration list for PBXNativeTarget "ChatLiveApp" */;
			buildPhases = (
				04BB7C2B2DC8CEAD0031A323 /* Sources */,
				04BB7C2C2DC8CEAD0031A323 /* Frameworks */,
				04BB7C2D2DC8CEAD0031A323 /* Resources */,
			);
			buildRules = (
			);
			dependencies = (
			);
			name = ChatLiveApp;
			packageProductDependencies = (
				04BB7C492DC8D5EA0031A323 /* FirebaseAnalyticsWithoutAdIdSupport */,
				04BB7C4B2DC8D5EA0031A323 /* FirebaseAuth */,
				04BB7C4D2DC8D5EA0031A323 /* FirebaseDatabase */,
				04BB7C4F2DC8D5EA0031A323 /* FirebaseDatabaseSwift */,
				04BB7C512DC8D5EA0031A323 /* FirebaseFirestore */,
				04BB7C532DC8D5EA0031A323 /* FirebaseFirestoreSwift */,
				04BB7C552DC8D5EA0031A323 /* FirebaseMessaging */,
				04BB7C572DC8D5EA0031A323 /* FirebaseStorage */,
			);
			productName = ChatLiveApp;
			productReference = 04BB7C2F2DC8CEAD0031A323 /* ChatLiveApp.app */;
			productType = "com.apple.product-type.application";
		};
/* End PBXNativeTarget section */

/* Begin PBXProject section */
		04BB7C272DC8CEAD0031A323 /* Project object */ = {
			isa = PBXProject;
			attributes = {
				BuildIndependentTargetsInParallel = 1;
				LastSwiftUpdateCheck = 1420;
				LastUpgradeCheck = 1420;
				TargetAttributes = {
					04BB7C2E2DC8CEAD0031A323 = {
						CreatedOnToolsVersion = 14.2;
					};
				};
			};
			buildConfigurationList = 04BB7C2A2DC8CEAD0031A323 /* Build configuration list for PBXProject "ChatLiveApp" */;
			compatibilityVersion = "Xcode 14.0";
			developmentRegion = en;
			hasScannedForEncodings = 0;
			knownRegions = (
				en,
				Base,
			);
			mainGroup = 04BB7C262DC8CEAD0031A323;
			packageReferences = (
				04BB7C482DC8D5EA0031A323 /* XCRemoteSwiftPackageReference "firebase-ios-sdk" */,
			);
			productRefGroup = 04BB7C302DC8CEAD0031A323 /* Products */;
			projectDirPath = "";
			projectRoot = "";
			targets = (
				04BB7C2E2DC8CEAD0031A323 /* ChatLiveApp */,
			);
		};
/* End PBXProject section */

/* Begin PBXResourcesBuildPhase section */
		04BB7C2D2DC8CEAD0031A323 /* Resources */ = {
			isa = PBXResourcesBuildPhase;
			buildActionMask = 2147483647;
			files = (
				04BB7C3F2DC8CEB00031A323 /* LaunchScreen.storyboard in Resources */,
				04BB7C472DC8D0CC0031A323 /* GoogleService-Info.plist in Resources */,
				04BB7C3C2DC8CEB00031A323 /* Assets.xcassets in Resources */,
				04BB7C3A2DC8CEAD0031A323 /* Main.storyboard in Resources */,
			);
			runOnlyForDeploymentPostprocessing = 0;
		};
/* End PBXResourcesBuildPhase section */

/* Begin PBXSourcesBuildPhase section */
		04BB7C2B2DC8CEAD0031A323 /* Sources */ = {
			isa = PBXSourcesBuildPhase;
			buildActionMask = 2147483647;
			files = (
				04BB7C332DC8CEAD0031A323 /* AppDelegate.swift in Sources */,
				04BB7C352DC8CEAD0031A323 /* SceneDelegate.swift in Sources */,
			);
			runOnlyForDeploymentPostprocessing = 0;
		};
/* End PBXSourcesBuildPhase section */

/* Begin PBXVariantGroup section */
		04BB7C382DC8CEAD0031A323 /* Main.storyboard */ = {
			isa = PBXVariantGroup;
			children = (
				04BB7C392DC8CEAD0031A323 /* Base */,
			);
			name = Main.storyboard;
			sourceTree = "<group>";
		};
		04BB7C3D2DC8CEB00031A323 /* LaunchScreen.storyboard */ = {
			isa = PBXVariantGroup;
			children = (
				04BB7C3E2DC8CEB00031A323 /* Base */,
			);
			name = LaunchScreen.storyboard;
			sourceTree = "<group>";
		};
/* End PBXVariantGroup section */

/* Begin XCBuildConfiguration section */
		04BB7C412DC8CEB00031A323 /* Debug */ = {
			isa = XCBuildConfiguration;
			buildSettings = {
				ALWAYS_SEARCH_USER_PATHS = NO;
				CLANG_ANALYZER_NONNULL = YES;
				CLANG_ANALYZER_NUMBER_OBJECT_CONVERSION = YES_AGGRESSIVE;
				CLANG_CXX_LANGUAGE_STANDARD = "gnu++20";
				CLANG_ENABLE_MODULES = YES;
				CLANG_ENABLE_OBJC_ARC = YES;
				CLANG_ENABLE_OBJC_WEAK = YES;
				CLANG_WARN_BLOCK_CAPTURE_AUTORELEASING = YES;
				CLANG_WARN_BOOL_CONVERSION = YES;
				CLANG_WARN_COMMA = YES;
				CLANG_WARN_CONSTANT_CONVERSION = YES;
				CLANG_WARN_DEPRECATED_OBJC_IMPLEMENTATIONS = YES;
				CLANG_WARN_DIRECT_OBJC_ISA_USAGE = YES_ERROR;
				CLANG_WARN_DOCUMENTATION_COMMENTS = YES;
				CLANG_WARN_EMPTY_BODY = YES;
				CLANG_WARN_ENUM_CONVERSION = YES;
				CLANG_WARN_INFINITE_RECURSION = YES;
				CLANG_WARN_INT_CONVERSION = YES;
				CLANG_WARN_NON_LITERAL_NULL_CONVERSION = YES;
				CLANG_WARN_OBJC_IMPLICIT_RETAIN_SELF = YES;
				CLANG_WARN_OBJC_LITERAL_CONVERSION = YES;
				CLANG_WARN_OBJC_ROOT_CLASS = YES_ERROR;
				CLANG_WARN_QUOTED_INCLUDE_IN_FRAMEWORK_HEADER = YES;
				CLANG_WARN_RANGE_LOOP_ANALYSIS = YES;
				CLANG_WARN_STRICT_PROTOTYPES = YES;
				CLANG_WARN_SUSPICIOUS_MOVE = YES;
				CLANG_WARN_UNGUARDED_AVAILABILITY = YES_AGGRESSIVE;
				CLANG_WARN_UNREACHABLE_CODE = YES;
				CLANG_WARN__DUPLICATE_METHOD_MATCH = YES;
				COPY_PHASE_STRIP = NO;
				DEBUG_INFORMATION_FORMAT = dwarf;
				ENABLE_STRICT_OBJC_MSGSEND = YES;
				ENABLE_TESTABILITY = YES;
				GCC_C_LANGUAGE_STANDARD = gnu11;
				GCC_DYNAMIC_NO_PIC = NO;
				GCC_NO_COMMON_BLOCKS = YES;
				GCC_OPTIMIZATION_LEVEL = 0;
				GCC_PREPROCESSOR_DEFINITIONS = (
					"DEBUG=1",
					"$(inherited)",
				);
				GCC_WARN_64_TO_32_BIT_CONVERSION = YES;
				GCC_WARN_ABOUT_RETURN_TYPE = YES_ERROR;
				GCC_WARN_UNDECLARED_SELECTOR = YES;
				GCC_WARN_UNINITIALIZED_AUTOS = YES_AGGRESSIVE;
				GCC_WARN_UNUSED_FUNCTION = YES;
				GCC_WARN_UNUSED_VARIABLE = YES;
				IPHONEOS_DEPLOYMENT_TARGET = 16.2;
				MTL_ENABLE_DEBUG_INFO = INCLUDE_SOURCE;
				MTL_FAST_MATH = YES;
				ONLY_ACTIVE_ARCH = YES;
				SDKROOT = iphoneos;
				SWIFT_ACTIVE_COMPILATION_CONDITIONS = DEBUG;
				SWIFT_OPTIMIZATION_LEVEL = "-Onone";
			};
			name = Debug;
		};
		04BB7C422DC8CEB00031A323 /* Release */ = {
			isa = XCBuildConfiguration;
			buildSettings = {
				ALWAYS_SEARCH_USER_PATHS = NO;
				CLANG_ANALYZER_NONNULL = YES;
				CLANG_ANALYZER_NUMBER_OBJECT_CONVERSION = YES_AGGRESSIVE;
				CLANG_CXX_LANGUAGE_STANDARD = "gnu++20";
				CLANG_ENABLE_MODULES = YES;
				CLANG_ENABLE_OBJC_ARC = YES;
				CLANG_ENABLE_OBJC_WEAK = YES;
				CLANG_WARN_BLOCK_CAPTURE_AUTORELEASING = YES;
				CLANG_WARN_BOOL_CONVERSION = YES;
				CLANG_WARN_COMMA = YES;
				CLANG_WARN_CONSTANT_CONVERSION = YES;
				CLANG_WARN_DEPRECATED_OBJC_IMPLEMENTATIONS = YES;
				CLANG_WARN_DIRECT_OBJC_ISA_USAGE = YES_ERROR;
				CLANG_WARN_DOCUMENTATION_COMMENTS = YES;
				CLANG_WARN_EMPTY_BODY = YES;
				CLANG_WARN_ENUM_CONVERSION = YES;
				CLANG_WARN_INFINITE_RECURSION = YES;
				CLANG_WARN_INT_CONVERSION = YES;
				CLANG_WARN_NON_LITERAL_NULL_CONVERSION = YES;
				CLANG_WARN_OBJC_IMPLICIT_RETAIN_SELF = YES;
				CLANG_WARN_OBJC_LITERAL_CONVERSION = YES;
				CLANG_WARN_OBJC_ROOT_CLASS = YES_ERROR;
				CLANG_WARN_QUOTED_INCLUDE_IN_FRAMEWORK_HEADER = YES;
				CLANG_WARN_RANGE_LOOP_ANALYSIS = YES;
				CLANG_WARN_STRICT_PROTOTYPES = YES;
				CLANG_WARN_SUSPICIOUS_MOVE = YES;
				CLANG_WARN_UNGUARDED_AVAILABILITY = YES_AGGRESSIVE;
				CLANG_WARN_UNREACHABLE_CODE = YES;
				CLANG_WARN__DUPLICATE_METHOD_MATCH = YES;
				COPY_PHASE_STRIP = NO;
				DEBUG_INFORMATION_FORMAT = "dwarf-with-dsym";
				ENABLE_NS_ASSERTIONS = NO;
				ENABLE_STRICT_OBJC_MSGSEND = YES;
				GCC_C_LANGUAGE_STANDARD = gnu11;
				GCC_NO_COMMON_BLOCKS = YES;
				GCC_WARN_64_TO_32_BIT_CONVERSION = YES;
				GCC_WARN_ABOUT_RETURN_TYPE = YES_ERROR;
				GCC_WARN_UNDECLARED_SELECTOR = YES;
				GCC_WARN_UNINITIALIZED_AUTOS = YES_AGGRESSIVE;
				GCC_WARN_UNUSED_FUNCTION = YES;
				GCC_WARN_UNUSED_VARIABLE = YES;
				IPHONEOS_DEPLOYMENT_TARGET = 16.2;
				MTL_ENABLE_DEBUG_INFO = NO;
				MTL_FAST_MATH = YES;
				SDKROOT = iphoneos;
				SWIFT_COMPILATION_MODE = wholemodule;
				SWIFT_OPTIMIZATION_LEVEL = "-O";
				VALIDATE_PRODUCT = YES;
			};
			name = Release;
		};
		04BB7C442DC8CEB00031A323 /* Debug */ = {
			isa = XCBuildConfiguration;
			buildSettings = {
				ASSETCATALOG_COMPILER_APPICON_NAME = AppIcon;
				ASSETCATALOG_COMPILER_GLOBAL_ACCENT_COLOR_NAME = AccentColor;
				CODE_SIGN_STYLE = Automatic;
				CURRENT_PROJECT_VERSION = 1;
				GENERATE_INFOPLIST_FILE = YES;
				INFOPLIST_FILE = ChatLiveApp/Info.plist;
				INFOPLIST_KEY_UIApplicationSupportsIndirectInputEvents = YES;
				INFOPLIST_KEY_UILaunchStoryboardName = LaunchScreen;
				INFOPLIST_KEY_UIMainStoryboardFile = Main;
				INFOPLIST_KEY_UISupportedInterfaceOrientations_iPad = "UIInterfaceOrientationPortrait UIInterfaceOrientationPortraitUpsideDown UIInterfaceOrientationLandscapeLeft UIInterfaceOrientationLandscapeRight";
				INFOPLIST_KEY_UISupportedInterfaceOrientations_iPhone = "UIInterfaceOrientationPortrait UIInterfaceOrientationLandscapeLeft UIInterfaceOrientationLandscapeRight";
				LD_RUNPATH_SEARCH_PATHS = (
					"$(inherited)",
					"@executable_path/Frameworks",
				);
				MARKETING_VERSION = 1.0;
				PRODUCT_BUNDLE_IDENTIFIER = com.basantsalama.ChatLiveApp;
				PRODUCT_NAME = "$(TARGET_NAME)";
				SUPPORTED_PLATFORMS = "iphoneos iphonesimulator";
				SUPPORTS_MACCATALYST = NO;
				SUPPORTS_MAC_DESIGNED_FOR_IPHONE_IPAD = NO;
				SWIFT_EMIT_LOC_STRINGS = YES;
				SWIFT_VERSION = 5.0;
				TARGETED_DEVICE_FAMILY = "1,2";
			};
			name = Debug;
		};
		04BB7C452DC8CEB00031A323 /* Release */ = {
			isa = XCBuildConfiguration;
			buildSettings = {
				ASSETCATALOG_COMPILER_APPICON_NAME = AppIcon;
				ASSETCATALOG_COMPILER_GLOBAL_ACCENT_COLOR_NAME = AccentColor;
				CODE_SIGN_STYLE = Automatic;
				CURRENT_PROJECT_VERSION = 1;
				GENERATE_INFOPLIST_FILE = YES;
				INFOPLIST_FILE = ChatLiveApp/Info.plist;
				INFOPLIST_KEY_UIApplicationSupportsIndirectInputEvents = YES;
				INFOPLIST_KEY_UILaunchStoryboardName = LaunchScreen;
				INFOPLIST_KEY_UIMainStoryboardFile = Main;
				INFOPLIST_KEY_UISupportedInterfaceOrientations_iPad = "UIInterfaceOrientationPortrait UIInterfaceOrientationPortraitUpsideDown UIInterfaceOrientationLandscapeLeft UIInterfaceOrientationLandscapeRight";
				INFOPLIST_KEY_UISupportedInterfaceOrientations_iPhone = "UIInterfaceOrientationPortrait UIInterfaceOrientationLandscapeLeft UIInterfaceOrientationLandscapeRight";
				LD_RUNPATH_SEARCH_PATHS = (
					"$(inherited)",
					"@executable_path/Frameworks",
				);
				MARKETING_VERSION = 1.0;
				PRODUCT_BUNDLE_IDENTIFIER = com.basantsalama.ChatLiveApp;
				PRODUCT_NAME = "$(TARGET_NAME)";
				SUPPORTED_PLATFORMS = "iphoneos iphonesimulator";
				SUPPORTS_MACCATALYST = NO;
				SUPPORTS_MAC_DESIGNED_FOR_IPHONE_IPAD = NO;
				SWIFT_EMIT_LOC_STRINGS = YES;
				SWIFT_VERSION = 5.0;
				TARGETED_DEVICE_FAMILY = "1,2";
			};
			name = Release;
		};
/* End XCBuildConfiguration section */

/* Begin XCConfigurationList section */
		04BB7C2A2DC8CEAD0031A323 /* Build configuration list for PBXProject "ChatLiveApp" */ = {
			isa = XCConfigurationList;
			buildConfigurations = (
				04BB7C412DC8CEB00031A323 /* Debug */,
				04BB7C422DC8CEB00031A323 /* Release */,
			);
			defaultConfigurationIsVisible = 0;
			defaultConfigurationName = Release;
		};
		04BB7C432DC8CEB00031A323 /* Build configuration list for PBXNativeTarget "ChatLiveApp" */ = {
			isa = XCConfigurationList;
			buildConfigurations = (
				04BB7C442DC8CEB00031A323 /* Debug */,
				04BB7C452DC8CEB00031A323 /* Release */,
			);
			defaultConfigurationIsVisible = 0;
			defaultConfigurationName = Release;
		};
/* End XCConfigurationList section */

/* Begin XCRemoteSwiftPackageReference section */
		04BB7C482DC8D5EA0031A323 /* XCRemoteSwiftPackageReference "firebase-ios-sdk" */ = {
			isa = XCRemoteSwiftPackageReference;
			repositoryURL = "https://github.com/firebase/firebase-ios-sdk";
			requirement = {
				kind = upToNextMajorVersion;
				minimumVersion = 9.0.0;
			};
		};
/* End XCRemoteSwiftPackageReference section */

/* Begin XCSwiftPackageProductDependency section */
		04BB7C492DC8D5EA0031A323 /* FirebaseAnalyticsWithoutAdIdSupport */ = {
			isa = XCSwiftPackageProductDependency;
			package = 04BB7C482DC8D5EA0031A323 /* XCRemoteSwiftPackageReference "firebase-ios-sdk" */;
			productName = FirebaseAnalyticsWithoutAdIdSupport;
		};
		04BB7C4B2DC8D5EA0031A323 /* FirebaseAuth */ = {
			isa = XCSwiftPackageProductDependency;
			package = 04BB7C482DC8D5EA0031A323 /* XCRemoteSwiftPackageReference "firebase-ios-sdk" */;
			productName = FirebaseAuth;
		};
		04BB7C4D2DC8D5EA0031A323 /* FirebaseDatabase */ = {
			isa = XCSwiftPackageProductDependency;
			package = 04BB7C482DC8D5EA0031A323 /* XCRemoteSwiftPackageReference "firebase-ios-sdk" */;
			productName = FirebaseDatabase;
		};
		04BB7C4F2DC8D5EA0031A323 /* FirebaseDatabaseSwift */ = {
			isa = XCSwiftPackageProductDependency;
			package = 04BB7C482DC8D5EA0031A323 /* XCRemoteSwiftPackageReference "firebase-ios-sdk" */;
			productName = FirebaseDatabaseSwift;
		};
		04BB7C512DC8D5EA0031A323 /* FirebaseFirestore */ = {
			isa = XCSwiftPackageProductDependency;
			package = 04BB7C482DC8D5EA0031A323 /* XCRemoteSwiftPackageReference "firebase-ios-sdk" */;
			productName = FirebaseFirestore;
		};
		04BB7C532DC8D5EA0031A323 /* FirebaseFirestoreSwift */ = {
			isa = XCSwiftPackageProductDependency;
			package = 04BB7C482DC8D5EA0031A323 /* XCRemoteSwiftPackageReference "firebase-ios-sdk" */;
			productName = FirebaseFirestoreSwift;
		};
		04BB7C552DC8D5EA0031A323 /* FirebaseMessaging */ = {
			isa = XCSwiftPackageProductDependency;
			package = 04BB7C482DC8D5EA0031A323 /* XCRemoteSwiftPackageReference "firebase-ios-sdk" */;
			productName = FirebaseMessaging;
		};
		04BB7C572DC8D5EA0031A323 /* FirebaseStorage */ = {
			isa = XCSwiftPackageProductDependency;
			package = 04BB7C482DC8D5EA0031A323 /* XCRemoteSwiftPackageReference "firebase-ios-sdk" */;
			productName = FirebaseStorage;
		};
/* End XCSwiftPackageProductDependency section */
	};
	rootObject = 04BB7C272DC8CEAD0031A323 /* Project object */;
}
